
Microsoft Visual Studio Solution File, Format Version 11.00
# Visual Studio 2010
Project("{8BC9CEB8-8B4A-11D0-8D11-00A0C91BC942}") = "PlatformTest", "PlatformTest.vcxproj", "{0F7D7E49-3973-4647-99A0-82DE4F846799}"
EndProject
Project("{8BC9CEB8-8B4A-11D0-8D11-00A0C91BC942}") = "UtilitiesLib", "..\..\libs\UtilitiesLib\UtilitiesLib.vcxproj", "{A6741F6E-5476-4F9F-9D65-62B54AAF1D08}"
EndProject
Project("{8BC9CEB8-8B4A-11D0-8D11-00A0C91BC942}") = "InputLib", "..\..\libs\InputLib\InputLib.vcxproj", "{C860157E-9B18-4BEF-AC93-8184F230A7F4}"
EndProject
Project("{8BC9CEB8-8B4A-11D0-8D11-00A0C91BC942}") = "SoundLib", "..\..\libs\SoundLib\SoundLib.vcxproj", "{FC433264-E0BC-42EA-8070-177A1EBADD67}"
EndProject
Global
	GlobalSection(SolutionConfigurationPlatforms) = preSolution
		Debug|Win32 = Debug|Win32
		Debug|x64 = Debug|x64
		Debug|Xbox 360 = Debug|Xbox 360
		Full Debug|Win32 = Full Debug|Win32
		Full Debug|x64 = Full Debug|x64
		Full Debug|Xbox 360 = Full Debug|Xbox 360
		Profile|Win32 = Profile|Win32
		Profile|x64 = Profile|x64
		Profile|Xbox 360 = Profile|Xbox 360
		PS3 Debug|Win32 = PS3 Debug|Win32
		PS3 Debug|x64 = PS3 Debug|x64
		PS3 Debug|Xbox 360 = PS3 Debug|Xbox 360
		PS3 Release|Win32 = PS3 Release|Win32
		PS3 Release|x64 = PS3 Release|x64
		PS3 Release|Xbox 360 = PS3 Release|Xbox 360
		Release|Win32 = Release|Win32
		Release|x64 = Release|x64
		Release|Xbox 360 = Release|Xbox 360
	EndGlobalSection
	GlobalSection(ProjectConfigurationPlatforms) = postSolution
		{0F7D7E49-3973-4647-99A0-82DE4F846799}.Debug|Win32.ActiveCfg = Debug|Win32
		{0F7D7E49-3973-4647-99A0-82DE4F846799}.Debug|Win32.Build.0 = Debug|Win32
		{0F7D7E49-3973-4647-99A0-82DE4F846799}.Debug|x64.ActiveCfg = Debug|Win32
		{0F7D7E49-3973-4647-99A0-82DE4F846799}.Debug|Xbox 360.ActiveCfg = Debug|Xbox 360
		{0F7D7E49-3973-4647-99A0-82DE4F846799}.Debug|Xbox 360.Build.0 = Debug|Xbox 360
		{0F7D7E49-3973-4647-99A0-82DE4F846799}.Full Debug|Win32.ActiveCfg = Debug|Win32
		{0F7D7E49-3973-4647-99A0-82DE4F846799}.Full Debug|Win32.Build.0 = Debug|Win32
		{0F7D7E49-3973-4647-99A0-82DE4F846799}.Full Debug|x64.ActiveCfg = Debug|Win32
		{0F7D7E49-3973-4647-99A0-82DE4F846799}.Full Debug|Xbox 360.ActiveCfg = Debug|Xbox 360
		{0F7D7E49-3973-4647-99A0-82DE4F846799}.Full Debug|Xbox 360.Build.0 = Debug|Xbox 360
		{0F7D7E49-3973-4647-99A0-82DE4F846799}.Profile|Win32.ActiveCfg = Debug|Win32
		{0F7D7E49-3973-4647-99A0-82DE4F846799}.Profile|Win32.Build.0 = Debug|Win32
		{0F7D7E49-3973-4647-99A0-82DE4F846799}.Profile|x64.ActiveCfg = Debug|Win32
		{0F7D7E49-3973-4647-99A0-82DE4F846799}.Profile|Xbox 360.ActiveCfg = Debug|Xbox 360
		{0F7D7E49-3973-4647-99A0-82DE4F846799}.Profile|Xbox 360.Build.0 = Debug|Xbox 360
		{0F7D7E49-3973-4647-99A0-82DE4F846799}.PS3 Debug|Win32.ActiveCfg = PS3 Debug|Win32
		{0F7D7E49-3973-4647-99A0-82DE4F846799}.PS3 Debug|Win32.Build.0 = PS3 Debug|Win32
		{0F7D7E49-3973-4647-99A0-82DE4F846799}.PS3 Debug|x64.ActiveCfg = Debug|Win32
		{0F7D7E49-3973-4647-99A0-82DE4F846799}.PS3 Debug|Xbox 360.ActiveCfg = Debug|Xbox 360
		{0F7D7E49-3973-4647-99A0-82DE4F846799}.PS3 Debug|Xbox 360.Build.0 = Debug|Xbox 360
		{0F7D7E49-3973-4647-99A0-82DE4F846799}.PS3 Release|Win32.ActiveCfg = PS3 Debug|Xbox 360
		{0F7D7E49-3973-4647-99A0-82DE4F846799}.PS3 Release|x64.ActiveCfg = PS3 Debug|Xbox 360
		{0F7D7E49-3973-4647-99A0-82DE4F846799}.PS3 Release|Xbox 360.ActiveCfg = PS3 Debug|Xbox 360
		{0F7D7E49-3973-4647-99A0-82DE4F846799}.PS3 Release|Xbox 360.Build.0 = PS3 Debug|Xbox 360
		{0F7D7E49-3973-4647-99A0-82DE4F846799}.Release|Win32.ActiveCfg = Debug|Xbox 360
		{0F7D7E49-3973-4647-99A0-82DE4F846799}.Release|x64.ActiveCfg = Debug|Xbox 360
		{0F7D7E49-3973-4647-99A0-82DE4F846799}.Release|Xbox 360.ActiveCfg = Debug|Xbox 360
		{0F7D7E49-3973-4647-99A0-82DE4F846799}.Release|Xbox 360.Build.0 = Debug|Xbox 360
		{A6741F6E-5476-4F9F-9D65-62B54AAF1D08}.Debug|Win32.ActiveCfg = Debug|Win32
		{A6741F6E-5476-4F9F-9D65-62B54AAF1D08}.Debug|Win32.Build.0 = Debug|Win32
		{A6741F6E-5476-4F9F-9D65-62B54AAF1D08}.Debug|x64.ActiveCfg = Debug|x64
		{A6741F6E-5476-4F9F-9D65-62B54AAF1D08}.Debug|x64.Build.0 = Debug|x64
		{A6741F6E-5476-4F9F-9D65-62B54AAF1D08}.Debug|Xbox 360.ActiveCfg = Debug|Xbox 360
		{A6741F6E-5476-4F9F-9D65-62B54AAF1D08}.Debug|Xbox 360.Build.0 = Debug|Xbox 360
		{A6741F6E-5476-4F9F-9D65-62B54AAF1D08}.Full Debug|Win32.ActiveCfg = Full Debug|Win32
		{A6741F6E-5476-4F9F-9D65-62B54AAF1D08}.Full Debug|Win32.Build.0 = Full Debug|Win32
		{A6741F6E-5476-4F9F-9D65-62B54AAF1D08}.Full Debug|x64.ActiveCfg = Full Debug|x64
		{A6741F6E-5476-4F9F-9D65-62B54AAF1D08}.Full Debug|x64.Build.0 = Full Debug|x64
		{A6741F6E-5476-4F9F-9D65-62B54AAF1D08}.Full Debug|Xbox 360.ActiveCfg = Full Debug|Xbox 360
		{A6741F6E-5476-4F9F-9D65-62B54AAF1D08}.Full Debug|Xbox 360.Build.0 = Full Debug|Xbox 360
		{A6741F6E-5476-4F9F-9D65-62B54AAF1D08}.Profile|Win32.ActiveCfg = Profile|Win32
		{A6741F6E-5476-4F9F-9D65-62B54AAF1D08}.Profile|Win32.Build.0 = Profile|Win32
		{A6741F6E-5476-4F9F-9D65-62B54AAF1D08}.Profile|x64.ActiveCfg = Profile|x64
		{A6741F6E-5476-4F9F-9D65-62B54AAF1D08}.Profile|x64.Build.0 = Profile|x64
		{A6741F6E-5476-4F9F-9D65-62B54AAF1D08}.Profile|Xbox 360.ActiveCfg = Profile|Xbox 360
		{A6741F6E-5476-4F9F-9D65-62B54AAF1D08}.Profile|Xbox 360.Build.0 = Profile|Xbox 360
		{A6741F6E-5476-4F9F-9D65-62B54AAF1D08}.PS3 Debug|Win32.ActiveCfg = PS3 Debug|Win32
		{A6741F6E-5476-4F9F-9D65-62B54AAF1D08}.PS3 Debug|Win32.Build.0 = PS3 Debug|Win32
		{A6741F6E-5476-4F9F-9D65-62B54AAF1D08}.PS3 Debug|x64.ActiveCfg = Debug|x64
		{A6741F6E-5476-4F9F-9D65-62B54AAF1D08}.PS3 Debug|x64.Build.0 = Debug|x64
		{A6741F6E-5476-4F9F-9D65-62B54AAF1D08}.PS3 Debug|Xbox 360.ActiveCfg = Debug|Xbox 360
		{A6741F6E-5476-4F9F-9D65-62B54AAF1D08}.PS3 Debug|Xbox 360.Build.0 = Debug|Xbox 360
		{A6741F6E-5476-4F9F-9D65-62B54AAF1D08}.PS3 Release|Win32.ActiveCfg = PS3 Release|Win32
		{A6741F6E-5476-4F9F-9D65-62B54AAF1D08}.PS3 Release|Win32.Build.0 = PS3 Release|Win32
		{A6741F6E-5476-4F9F-9D65-62B54AAF1D08}.PS3 Release|x64.ActiveCfg = PS3 Release|Xbox 360
		{A6741F6E-5476-4F9F-9D65-62B54AAF1D08}.PS3 Release|Xbox 360.ActiveCfg = PS3 Release|Xbox 360
		{A6741F6E-5476-4F9F-9D65-62B54AAF1D08}.PS3 Release|Xbox 360.Build.0 = PS3 Release|Xbox 360
		{A6741F6E-5476-4F9F-9D65-62B54AAF1D08}.Release|Win32.ActiveCfg = PS3 Release|Win32
		{A6741F6E-5476-4F9F-9D65-62B54AAF1D08}.Release|Win32.Build.0 = PS3 Release|Win32
		{A6741F6E-5476-4F9F-9D65-62B54AAF1D08}.Release|x64.ActiveCfg = Profile|x64
		{A6741F6E-5476-4F9F-9D65-62B54AAF1D08}.Release|x64.Build.0 = Profile|x64
		{A6741F6E-5476-4F9F-9D65-62B54AAF1D08}.Release|Xbox 360.ActiveCfg = PS3 Release|Xbox 360
		{A6741F6E-5476-4F9F-9D65-62B54AAF1D08}.Release|Xbox 360.Build.0 = PS3 Release|Xbox 360
		{C860157E-9B18-4BEF-AC93-8184F230A7F4}.Debug|Win32.ActiveCfg = Debug|Win32
		{C860157E-9B18-4BEF-AC93-8184F230A7F4}.Debug|Win32.Build.0 = Debug|Win32
		{C860157E-9B18-4BEF-AC93-8184F230A7F4}.Debug|x64.ActiveCfg = Debug|Xbox 360
		{C860157E-9B18-4BEF-AC93-8184F230A7F4}.Debug|Xbox 360.ActiveCfg = Debug|Xbox 360
		{C860157E-9B18-4BEF-AC93-8184F230A7F4}.Debug|Xbox 360.Build.0 = Debug|Xbox 360
		{C860157E-9B18-4BEF-AC93-8184F230A7F4}.Full Debug|Win32.ActiveCfg = Full Debug|Win32
		{C860157E-9B18-4BEF-AC93-8184F230A7F4}.Full Debug|Win32.Build.0 = Full Debug|Win32
		{C860157E-9B18-4BEF-AC93-8184F230A7F4}.Full Debug|x64.ActiveCfg = Full Debug|Xbox 360
		{C860157E-9B18-4BEF-AC93-8184F230A7F4}.Full Debug|Xbox 360.ActiveCfg = Full Debug|Xbox 360
		{C860157E-9B18-4BEF-AC93-8184F230A7F4}.Full Debug|Xbox 360.Build.0 = Full Debug|Xbox 360
		{C860157E-9B18-4BEF-AC93-8184F230A7F4}.Profile|Win32.ActiveCfg = Profile|Win32
		{C860157E-9B18-4BEF-AC93-8184F230A7F4}.Profile|Win32.Build.0 = Profile|Win32
		{C860157E-9B18-4BEF-AC93-8184F230A7F4}.Profile|x64.ActiveCfg = Profile|Xbox 360
		{C860157E-9B18-4BEF-AC93-8184F230A7F4}.Profile|Xbox 360.ActiveCfg = Profile|Xbox 360
		{C860157E-9B18-4BEF-AC93-8184F230A7F4}.Profile|Xbox 360.Build.0 = Profile|Xbox 360
		{C860157E-9B18-4BEF-AC93-8184F230A7F4}.PS3 Debug|Win32.ActiveCfg = PS3 Debug|Win32
		{C860157E-9B18-4BEF-AC93-8184F230A7F4}.PS3 Debug|Win32.Build.0 = PS3 Debug|Win32
		{C860157E-9B18-4BEF-AC93-8184F230A7F4}.PS3 Debug|x64.ActiveCfg = PS3 Debug|Xbox 360
		{C860157E-9B18-4BEF-AC93-8184F230A7F4}.PS3 Debug|Xbox 360.ActiveCfg = PS3 Debug|Xbox 360
		{C860157E-9B18-4BEF-AC93-8184F230A7F4}.PS3 Debug|Xbox 360.Build.0 = PS3 Debug|Xbox 360
		{C860157E-9B18-4BEF-AC93-8184F230A7F4}.PS3 Release|Win32.ActiveCfg = PS3 Release|Win32
		{C860157E-9B18-4BEF-AC93-8184F230A7F4}.PS3 Release|Win32.Build.0 = PS3 Release|Win32
		{C860157E-9B18-4BEF-AC93-8184F230A7F4}.PS3 Release|x64.ActiveCfg = PS3 Release|Xbox 360
		{C860157E-9B18-4BEF-AC93-8184F230A7F4}.PS3 Release|Xbox 360.ActiveCfg = PS3 Release|Xbox 360
		{C860157E-9B18-4BEF-AC93-8184F230A7F4}.PS3 Release|Xbox 360.Build.0 = PS3 Release|Xbox 360
		{C860157E-9B18-4BEF-AC93-8184F230A7F4}.Release|Win32.ActiveCfg = PS3 Release|Win32
		{C860157E-9B18-4BEF-AC93-8184F230A7F4}.Release|Win32.Build.0 = PS3 Release|Win32
		{C860157E-9B18-4BEF-AC93-8184F230A7F4}.Release|x64.ActiveCfg = PS3 Release|Xbox 360
		{C860157E-9B18-4BEF-AC93-8184F230A7F4}.Release|Xbox 360.ActiveCfg = PS3 Release|Xbox 360
		{C860157E-9B18-4BEF-AC93-8184F230A7F4}.Release|Xbox 360.Build.0 = PS3 Release|Xbox 360
		{FC433264-E0BC-42EA-8070-177A1EBADD67}.Debug|Win32.ActiveCfg = Debug|Win32
		{FC433264-E0BC-42EA-8070-177A1EBADD67}.Debug|Win32.Build.0 = Debug|Win32
		{FC433264-E0BC-42EA-8070-177A1EBADD67}.Debug|x64.ActiveCfg = Debug|Xbox 360
		{FC433264-E0BC-42EA-8070-177A1EBADD67}.Debug|Xbox 360.ActiveCfg = Debug|Xbox 360
		{FC433264-E0BC-42EA-8070-177A1EBADD67}.Debug|Xbox 360.Build.0 = Debug|Xbox 360
		{FC433264-E0BC-42EA-8070-177A1EBADD67}.Full Debug|Win32.ActiveCfg = Full Debug|Win32
		{FC433264-E0BC-42EA-8070-177A1EBADD67}.Full Debug|Win32.Build.0 = Full Debug|Win32
		{FC433264-E0BC-42EA-8070-177A1EBADD67}.Full Debug|x64.ActiveCfg = Full Debug|Xbox 360
		{FC433264-E0BC-42EA-8070-177A1EBADD67}.Full Debug|Xbox 360.ActiveCfg = Full Debug|Xbox 360
		{FC433264-E0BC-42EA-8070-177A1EBADD67}.Full Debug|Xbox 360.Build.0 = Full Debug|Xbox 360
		{FC433264-E0BC-42EA-8070-177A1EBADD67}.Profile|Win32.ActiveCfg = Profile|Win32
		{FC433264-E0BC-42EA-8070-177A1EBADD67}.Profile|Win32.Build.0 = Profile|Win32
		{FC433264-E0BC-42EA-8070-177A1EBADD67}.Profile|x64.ActiveCfg = Profile|Xbox 360
		{FC433264-E0BC-42EA-8070-177A1EBADD67}.Profile|Xbox 360.ActiveCfg = Profile|Xbox 360
		{FC433264-E0BC-42EA-8070-177A1EBADD67}.Profile|Xbox 360.Build.0 = Profile|Xbox 360
		{FC433264-E0BC-42EA-8070-177A1EBADD67}.PS3 Debug|Win32.ActiveCfg = PS3 Debug|Win32
		{FC433264-E0BC-42EA-8070-177A1EBADD67}.PS3 Debug|Win32.Build.0 = PS3 Debug|Win32
		{FC433264-E0BC-42EA-8070-177A1EBADD67}.PS3 Debug|x64.ActiveCfg = PS3 Debug|Xbox 360
		{FC433264-E0BC-42EA-8070-177A1EBADD67}.PS3 Debug|Xbox 360.ActiveCfg = PS3 Debug|Xbox 360
		{FC433264-E0BC-42EA-8070-177A1EBADD67}.PS3 Debug|Xbox 360.Build.0 = PS3 Debug|Xbox 360
		{FC433264-E0BC-42EA-8070-177A1EBADD67}.PS3 Release|Win32.ActiveCfg = PS3 Debug|Xbox 360
		{FC433264-E0BC-42EA-8070-177A1EBADD67}.PS3 Release|x64.ActiveCfg = PS3 Debug|Xbox 360
		{FC433264-E0BC-42EA-8070-177A1EBADD67}.PS3 Release|Xbox 360.ActiveCfg = PS3 Debug|Xbox 360
		{FC433264-E0BC-42EA-8070-177A1EBADD67}.PS3 Release|Xbox 360.Build.0 = PS3 Debug|Xbox 360
		{FC433264-E0BC-42EA-8070-177A1EBADD67}.Release|Win32.ActiveCfg = Profile|Xbox 360
		{FC433264-E0BC-42EA-8070-177A1EBADD67}.Release|x64.ActiveCfg = Profile|Xbox 360
		{FC433264-E0BC-42EA-8070-177A1EBADD67}.Release|Xbox 360.ActiveCfg = Profile|Xbox 360
		{FC433264-E0BC-42EA-8070-177A1EBADD67}.Release|Xbox 360.Build.0 = Profile|Xbox 360
	EndGlobalSection
	GlobalSection(SolutionProperties) = preSolution
		HideSolutionNode = FALSE
	EndGlobalSection
EndGlobal
